PODS:
  - lottie-ios (2.5.2)
  - Masonry (1.1.0)

DEPENDENCIES:
  - lottie-ios
  - Masonry

SPEC REPOS:
  https://github.com/cocoapods/specs.git:
    - lottie-ios
    - Masonry

SPEC CHECKSUMS:
  lottie-ios: 3fef45d3fabe63e3c7c2eb603dd64ddfffc73062
  Masonry: 678fab65091a9290e40e2832a55e7ab731aad201

PODFILE CHECKSUM: 619376a548172179ec6b015b5cd4803f0710f7a8

COCOAPODS: 1.5.3
